
Microsoft Visual Studio Solution File, Format Version 12.00
# Visual Studio Version 17
VisualStudioVersion = 17.13.35913.81 d17.13
MinimumVisualStudioVersion = 10.0.40219.1
Project("{FAE04EC0-301F-11D3-BF4B-00C04F79EFBC}") = "CicloStock", "CicloStock.csproj", "{FBF5FA88-2200-4D0A-8F3F-7B089F1BAB24}"
EndProject
Global
	GlobalSection(SolutionConfigurationPlatforms) = preSolution
		Debug|Any CPU = Debug|Any CPU
		Release|Any CPU = Release|Any CPU
	EndGlobalSection
	GlobalSection(ProjectConfigurationPlatforms) = postSolution
		{FBF5FA88-2200-4D0A-8F3F-7B089F1BAB24}.Debug|Any CPU.ActiveCfg = Debug|Any CPU
		{FBF5FA88-2200-4D0A-8F3F-7B089F1BAB24}.Debug|Any CPU.Build.0 = Debug|Any CPU
		{FBF5FA88-2200-4D0A-8F3F-7B089F1BAB24}.Release|Any CPU.ActiveCfg = Release|Any CPU
		{FBF5FA88-2200-4D0A-8F3F-7B089F1BAB24}.Release|Any CPU.Build.0 = Release|Any CPU
	EndGlobalSection
	GlobalSection(SolutionProperties) = preSolution
		HideSolutionNode = FALSE
	EndGlobalSection
	GlobalSection(ExtensibilityGlobals) = postSolution
		SolutionGuid = {F2738789-F4F4-43CA-BFBC-5201EE1A5561}
	EndGlobalSection
EndGlobal
